// !$*UTF8*$!
{
	archiveVersion = 1;
	classes = {
	};
	objectVersion = 46;
	objects = {

/* Begin PBXBuildFile section */
		105309DD1DD435C30026B1D6 /* Main.storyboard in Resources */ = {isa = PBXBuildFile; fileRef = 105309DB1DD435C30026B1D6 /* Main.storyboard */; };
		105309DF1DD435C30026B1D6 /* Assets.xcassets in Resources */ = {isa = PBXBuildFile; fileRef = 105309DE1DD435C30026B1D6 /* Assets.xcassets */; };
		105309E21DD435C30026B1D6 /* LaunchScreen.storyboard in Resources */ = {isa = PBXBuildFile; fileRef = 105309E01DD435C30026B1D6 /* LaunchScreen.storyboard */; };
		105309EC1DD436170026B1D6 /* AppDelegate.swift in Sources */ = {isa = PBXBuildFile; fileRef = 105309EA1DD436170026B1D6 /* AppDelegate.swift */; };
/* End PBXBuildFile section */

/* Begin PBXFileReference section */
		105309D41DD435C30026B1D6 /* MobiTally.app */ = {isa = PBXFileReference; explicitFileType = wrapper.application; includeInIndex = 0; path = MobiTally.app; sourceTree = BUILT_PRODUCTS_DIR; };
		105309DC1DD435C30026B1D6 /* Base */ = {isa = PBXFileReference; lastKnownFileType = file.storyboard; name = Base; path = Base.lproj/Main.storyboard; sourceTree = "<group>"; };
		105309DE1DD435C30026B1D6 /* Assets.xcassets */ = {isa = PBXFileReference; lastKnownFileType = folder.assetcatalog; name = Assets.xcassets; path = ../Assets.xcassets; sourceTree = "<group>"; };
		105309E11DD435C30026B1D6 /* Base */ = {isa = PBXFileReference; lastKnownFileType = file.storyboard; name = Base; path = Base.lproj/LaunchScreen.storyboard; sourceTree = "<group>"; };
		105309E31DD435C30026B1D6 /* Info.plist */ = {isa = PBXFileReference; lastKnownFileType = text.plist.xml; name = Info.plist; path = ../Info.plist; sourceTree = "<group>"; };
		105309EA1DD436170026B1D6 /* AppDelegate.swift */ = {isa = PBXFileReference; fileEncoding = 4; lastKnownFileType = sourcecode.swift; path = AppDelegate.swift; sourceTree = "<group>"; };
/* End PBXFileReference section */

/* Begin PBXFrameworksBuildPhase section */
		105309D11DD435C30026B1D6 /* Frameworks */ = {
			isa = PBXFrameworksBuildPhase;
			buildActionMask = 2147483647;
			files = (
			);
			runOnlyForDeploymentPostprocessing = 0;
		};
/* End PBXFrameworksBuildPhase section */

/* Begin PBXGroup section */
		105309CB1DD435C30026B1D6 = {
			isa = PBXGroup;
			children = (
				105309D61DD435C30026B1D6 /* MobiTally */,
				105309D51DD435C30026B1D6 /* Products */,
			);
			sourceTree = "<group>";
		};
		105309D51DD435C30026B1D6 /* Products */ = {
			isa = PBXGroup;
			children = (
				105309D41DD435C30026B1D6 /* MobiTally.app */,
			);
			name = Products;
			sourceTree = "<group>";
		};
		105309D61DD435C30026B1D6 /* MobiTally */ = {
			isa = PBXGroup;
			children = (
				105309EB1DD436170026B1D6 /* ViewControllers */,
				105309E91DD436170026B1D6 /* SupportingFiles */,
			);
			path = MobiTally;
			sourceTree = "<group>";
		};
		105309E91DD436170026B1D6 /* SupportingFiles */ = {
			isa = PBXGroup;
			children = (
				105309DE1DD435C30026B1D6 /* Assets.xcassets */,
				105309E31DD435C30026B1D6 /* Info.plist */,
				105309E01DD435C30026B1D6 /* LaunchScreen.storyboard */,
				105309DB1DD435C30026B1D6 /* Main.storyboard */,
				105309EA1DD436170026B1D6 /* AppDelegate.swift */,
			);
			path = SupportingFiles;
			sourceTree = "<group>";
		};
		105309EB1DD436170026B1D6 /* ViewControllers */ = {
			isa = PBXGroup;
			children = (
			);
			path = ViewControllers;
			sourceTree = "<group>";
		};
/* End PBXGroup section */

/* Begin PBXNativeTarget section */
		105309D31DD435C30026B1D6 /* MobiTally */ = {
			isa = PBXNativeTarget;
			buildConfigurationList = 105309E61DD435C30026B1D6 /* Build configuration list for PBXNativeTarget "MobiTally" */;
			buildPhases = (
				105309D01DD435C30026B1D6 /* Sources */,
				105309D11DD435C30026B1D6 /* Frameworks */,
				105309D21DD435C30026B1D6 /* Resources */,
			);
			buildRules = (
			);
			dependencies = (
			);
			name = MobiTally;
			productName = MobiTally;
			productReference = 105309D41DD435C30026B1D6 /* MobiTally.app */;
			productType = "com.apple.product-type.application";
		};
/* End PBXNativeTarget section */

/* Begin PBXProject section */
		105309CC1DD435C30026B1D6 /* Project object */ = {
			isa = PBXProject;
			attributes = {
				LastSwiftUpdateCheck = 0800;
				LastUpgradeCheck = 0800;
				ORGANIZATIONNAME = "Midhunlal M";
				TargetAttributes = {
					105309D31DD435C30026B1D6 = {
						CreatedOnToolsVersion = 8.0;
						DevelopmentTeam = RVW2RDZ727;
						ProvisioningStyle = Automatic;
					};
				};
			};
			buildConfigurationList = 105309CF1DD435C30026B1D6 /* Build configuration list for PBXProject "MobiTally" */;
			compatibilityVersion = "Xcode 3.2";
			developmentRegion = English;
			hasScannedForEncodings = 0;
			knownRegions = (
				en,
				Base,
			);
			mainGroup = 105309CB1DD435C30026B1D6;
			productRefGroup = 105309D51DD435C30026B1D6 /* Products */;
			projectDirPath = "";
			projectRoot = "";
			targets = (
				105309D31DD435C30026B1D6 /* MobiTally */,
			);
		};
/* End PBXProject section */

/* Begin PBXResourcesBuildPhase section */
		105309D21DD435C30026B1D6 /* Resources */ = {
			isa = PBXResourcesBuildPhase;
			buildActionMask = 2147483647;
			files = (
				105309E21DD435C30026B1D6 /* LaunchScreen.storyboard in Resources */,
				105309DF1DD435C30026B1D6 /* Assets.xcassets in Resources */,
				105309DD1DD435C30026B1D6 /* Main.storyboard in Resources */,
			);
			runOnlyForDeploymentPostprocessing = 0;
		};
/* End PBXResourcesBuildPhase section */

/* Begin PBXSourcesBuildPhase section */
		105309D01DD435C30026B1D6 /* Sources */ = {
			isa = PBXSourcesBuildPhase;
			buildActionMask = 2147483647;
			files = (
				105309EC1DD436170026B1D6 /* AppDelegate.swift in Sources */,
			);
			runOnlyForDeploymentPostprocessing = 0;
		};
/* End PBXSourcesBuildPhase section */

/* Begin PBXVariantGroup section */
		105309DB1DD435C30026B1D6 /* Main.storyboard */ = {
			isa = PBXVariantGroup;
			children = (
				105309DC1DD435C30026B1D6 /* Base */,
			);
			name = Main.storyboard;
			path = ..;
			sourceTree = "<group>";
		};
		105309E01DD435C30026B1D6 /* LaunchScreen.storyboard */ = {
			isa = PBXVariantGroup;
			children = (
				105309E11DD435C30026B1D6 /* Base */,
			);
			name = LaunchScreen.storyboard;
			path = ..;
			sourceTree = "<group>";
		};
/* End PBXVariantGroup section */

/* Begin XCBuildConfiguration section */
		105309E41DD435C30026B1D6 /* Debug */ = {
			isa = XCBuildConfiguration;
			buildSettings = {
				ALWAYS_SEARCH_USER_PATHS = NO;
				CLANG_ANALYZER_NONNULL = YES;
				CLANG_CXX_LANGUAGE_STANDARD = "gnu++0x";
				CLANG_CXX_LIBRARY = "libc++";
				CLANG_ENABLE_MODULES = YES;
				CLANG_ENABLE_OBJC_ARC = YES;
				CLANG_WARN_BOOL_CONVERSION = YES;
				CLANG_WARN_CONSTANT_CONVERSION = YES;
				CLANG_WARN_DIRECT_OBJC_ISA_USAGE = YES_ERROR;
				CLANG_WARN_DOCUMENTATION_COMMENTS = YES;
				CLANG_WARN_EMPTY_BODY = YES;
				CLANG_WARN_ENUM_CONVERSION = YES;
				CLANG_WARN_INFINITE_RECURSION = YES;
				CLANG_WARN_INT_CONVERSION = YES;
				CLANG_WARN_OBJC_ROOT_CLASS = YES_ERROR;
				CLANG_WARN_SUSPICIOUS_MOVES = YES;
				CLANG_WARN_UNREACHABLE_CODE = YES;
				CLANG_WARN__DUPLICATE_METHOD_MATCH = YES;
				"CODE_SIGN_IDENTITY[sdk=iphoneos*]" = "iPhone Developer";
				COPY_PHASE_STRIP = NO;
				DEBUG_INFORMATION_FORMAT = dwarf;
				ENABLE_STRICT_OBJC_MSGSEND = YES;
				ENABLE_TESTABILITY = YES;
				GCC_C_LANGUAGE_STANDARD = gnu99;
				GCC_DYNAMIC_NO_PIC = NO;
				GCC_NO_COMMON_BLOCKS = YES;
				GCC_OPTIMIZATION_LEVEL = 0;
				GCC_PREPROCESSOR_DEFINITIONS = (
					"DEBUG=1",
					"$(inherited)",
				);
				GCC_WARN_64_TO_32_BIT_CONVERSION = YES;
				GCC_WARN_ABOUT_RETURN_TYPE = YES_ERROR;
				GCC_WARN_UNDECLARED_SELECTOR = YES;
				GCC_WARN_UNINITIALIZED_AUTOS = YES_AGGRESSIVE;
				GCC_WARN_UNUSED_FUNCTION = YES;
				GCC_WARN_UNUSED_VARIABLE = YES;
				IPHONEOS_DEPLOYMENT_TARGET = 10.0;
				MTL_ENABLE_DEBUG_INFO = YES;
				ONLY_ACTIVE_ARCH = YES;
				SDKROOT = iphoneos;
				SWIFT_ACTIVE_COMPILATION_CONDITIONS = DEBUG;
				SWIFT_OPTIMIZATION_LEVEL = "-Onone";
				TARGETED_DEVICE_FAMILY = "1,2";
			};
			name = Debug;
		};
		105309E51DD435C30026B1D6 /* Release */ = {
			isa = XCBuildConfiguration;
			buildSettings = {
				ALWAYS_SEARCH_USER_PATHS = NO;
				CLANG_ANALYZER_NONNULL = YES;
				CLANG_CXX_LANGUAGE_STANDARD = "gnu++0x";
				CLANG_CXX_LIBRARY = "libc++";
				CLANG_ENABLE_MODULES = YES;
				CLANG_ENABLE_OBJC_ARC = YES;
				CLANG_WARN_BOOL_CONVERSION = YES;
				CLANG_WARN_CONSTANT_CONVERSION = YES;
				CLANG_WARN_DIRECT_OBJC_ISA_USAGE = YES_ERROR;
				CLANG_WARN_DOCUMENTATION_COMMENTS = YES;
				CLANG_WARN_EMPTY_BODY = YES;
				CLANG_WARN_ENUM_CONVERSION = YES;
				CLANG_WARN_INFINITE_RECURSION = YES;
				CLANG_WARN_INT_CONVERSION = YES;
				CLANG_WARN_OBJC_ROOT_CLASS = YES_ERROR;
				CLANG_WARN_SUSPICIOUS_MOVES = YES;
				CLANG_WARN_UNREACHABLE_CODE = YES;
				CLANG_WARN__DUPLICATE_METHOD_MATCH = YES;
				"CODE_SIGN_IDENTITY[sdk=iphoneos*]" = "iPhone Developer";
				COPY_PHASE_STRIP = NO;
				DEBUG_INFORMATION_FORMAT = "dwarf-with-dsym";
				ENABLE_NS_ASSERTIONS = NO;
				ENABLE_STRICT_OBJC_MSGSEND = YES;
				GCC_C_LANGUAGE_STANDARD = gnu99;
				GCC_NO_COMMON_BLOCKS = YES;
				GCC_WARN_64_TO_32_BIT_CONVERSION = YES;
				GCC_WARN_ABOUT_RETURN_TYPE = YES_ERROR;
				GCC_WARN_UNDECLARED_SELECTOR = YES;
				GCC_WARN_UNINITIALIZED_AUTOS = YES_AGGRESSIVE;
				GCC_WARN_UNUSED_FUNCTION = YES;
				GCC_WARN_UNUSED_VARIABLE = YES;
				IPHONEOS_DEPLOYMENT_TARGET = 10.0;
				MTL_ENABLE_DEBUG_INFO = NO;
				SDKROOT = iphoneos;
				SWIFT_OPTIMIZATION_LEVEL = "-Owholemodule";
				TARGETED_DEVICE_FAMILY = "1,2";
				VALIDATE_PRODUCT = YES;
			};
			name = Release;
		};
		105309E71DD435C30026B1D6 /* Debug */ = {
			isa = XCBuildConfiguration;
			buildSettings = {
				ASSETCATALOG_COMPILER_APPICON_NAME = AppIcon;
				DEVELOPMENT_TEAM = RVW2RDZ727;
				INFOPLIST_FILE = MobiTally/Info.plist;
				IPHONEOS_DEPLOYMENT_TARGET = 8.0;
				LD_RUNPATH_SEARCH_PATHS = "$(inherited) @executable_path/Frameworks";
				PRODUCT_BUNDLE_IDENTIFIER = com.robosoft.MobiTally;
				PRODUCT_NAME = "$(TARGET_NAME)";
				SWIFT_VERSION = 3.0;
			};
			name = Debug;
		};
		105309E81DD435C30026B1D6 /* Release */ = {
			isa = XCBuildConfiguration;
			buildSettings = {
				ASSETCATALOG_COMPILER_APPICON_NAME = AppIcon;
				DEVELOPMENT_TEAM = RVW2RDZ727;
				INFOPLIST_FILE = MobiTally/Info.plist;
				IPHONEOS_DEPLOYMENT_TARGET = 8.0;
				LD_RUNPATH_SEARCH_PATHS = "$(inherited) @executable_path/Frameworks";
				PRODUCT_BUNDLE_IDENTIFIER = com.robosoft.MobiTally;
				PRODUCT_NAME = "$(TARGET_NAME)";
				SWIFT_VERSION = 3.0;
			};
			name = Release;
		};
/* End XCBuildConfiguration section */

/* Begin XCConfigurationList section */
		105309CF1DD435C30026B1D6 /* Build configuration list for PBXProject "MobiTally" */ = {
			isa = XCConfigurationList;
			buildConfigurations = (
				105309E41DD435C30026B1D6 /* Debug */,
				105309E51DD435C30026B1D6 /* Release */,
			);
			defaultConfigurationIsVisible = 0;
			defaultConfigurationName = Release;
		};
		105309E61DD435C30026B1D6 /* Build configuration list for PBXNativeTarget "MobiTally" */ = {
			isa = XCConfigurationList;
			buildConfigurations = (
				105309E71DD435C30026B1D6 /* Debug */,
				105309E81DD435C30026B1D6 /* Release */,
			);
			defaultConfigurationIsVisible = 0;
			defaultConfigurationName = Release;
		};
/* End XCConfigurationList section */
	};
	rootObject = 105309CC1DD435C30026B1D6 /* Project object */;
}
